
Microsoft Visual Studio Solution File, Format Version 12.00
# Visual Studio 15
VisualStudioVersion = 15.0.26730.8
MinimumVisualStudioVersion = 10.0.40219.1
Project("{FAE04EC0-301F-11D3-BF4B-00C04F79EFBC}") = "PJHabitat", "PJHabitat\PJHabitat.csproj", "{59907583-0175-4B6E-89F4-623D1209A830}"
EndProject
Project("{2150E333-8FDC-42A3-9474-1A3956D46DE8}") = "SolutionItems", "SolutionItems", "{5CB5894C-D9D8-4749-AE14-F4CA75B9C60D}"
	ProjectSection(SolutionItems) = preProject
		buildRelease.bat = buildRelease.bat
		changelog.txt = changelog.txt
		deploy.bat = deploy.bat
		jenkins.txt = jenkins.txt
		license.txt = license.txt
		README.md = README.md
		TokamakIndustries.version = TokamakIndustries.version
	EndProjectSection
EndProject
Global
	GlobalSection(SolutionConfigurationPlatforms) = preSolution
		Debug|Any CPU = Debug|Any CPU
		Release|Any CPU = Release|Any CPU
	EndGlobalSection
	GlobalSection(ProjectConfigurationPlatforms) = postSolution
		{59907583-0175-4B6E-89F4-623D1209A830}.Debug|Any CPU.ActiveCfg = Debug|Any CPU
		{59907583-0175-4B6E-89F4-623D1209A830}.Debug|Any CPU.Build.0 = Debug|Any CPU
		{59907583-0175-4B6E-89F4-623D1209A830}.Release|Any CPU.ActiveCfg = Release|Any CPU
		{59907583-0175-4B6E-89F4-623D1209A830}.Release|Any CPU.Build.0 = Release|Any CPU
	EndGlobalSection
	GlobalSection(SolutionProperties) = preSolution
		HideSolutionNode = FALSE
	EndGlobalSection
	GlobalSection(ExtensibilityGlobals) = postSolution
		SolutionGuid = {C3AE192C-BD54-40A0-8B68-9227B6406B50}
	EndGlobalSection
EndGlobal
